
Microsoft Visual Studio Solution File, Format Version 12.00
# Visual Studio Version 16
VisualStudioVersion = 16.0.29519.87
MinimumVisualStudioVersion = 10.0.40219.1
Project("{FAE04EC0-301F-11D3-BF4B-00C04F79EFBC}") = "16-Pronto Soccorso", "16-Pronto Soccorso\16-Pronto Soccorso.csproj", "{4EE70304-F4FF-40D8-A7ED-209B55BB72DC}"
EndProject
Global
	GlobalSection(SolutionConfigurationPlatforms) = preSolution
		Debug|Any CPU = Debug|Any CPU
		Release|Any CPU = Release|Any CPU
	EndGlobalSection
	GlobalSection(ProjectConfigurationPlatforms) = postSolution
		{4EE70304-F4FF-40D8-A7ED-209B55BB72DC}.Debug|Any CPU.ActiveCfg = Debug|Any CPU
		{4EE70304-F4FF-40D8-A7ED-209B55BB72DC}.Debug|Any CPU.Build.0 = Debug|Any CPU
		{4EE70304-F4FF-40D8-A7ED-209B55BB72DC}.Release|Any CPU.ActiveCfg = Release|Any CPU
		{4EE70304-F4FF-40D8-A7ED-209B55BB72DC}.Release|Any CPU.Build.0 = Release|Any CPU
	EndGlobalSection
	GlobalSection(SolutionProperties) = preSolution
		HideSolutionNode = FALSE
	EndGlobalSection
	GlobalSection(ExtensibilityGlobals) = postSolution
		SolutionGuid = {5A0E15CF-AE98-4523-9B76-1DDFB5009D52}
	EndGlobalSection
EndGlobal
