
Microsoft Visual Studio Solution File, Format Version 12.00
# Visual Studio Version 16
VisualStudioVersion = 16.0.29519.87
MinimumVisualStudioVersion = 10.0.40219.1
Project("{FAE04EC0-301F-11D3-BF4B-00C04F79EFBC}") = "17-Gestione Container", "17-Gestione Container\17-Gestione Container.csproj", "{80243236-7134-45D3-8087-D8D8F7B147E8}"
EndProject
Global
	GlobalSection(SolutionConfigurationPlatforms) = preSolution
		Debug|Any CPU = Debug|Any CPU
		Release|Any CPU = Release|Any CPU
	EndGlobalSection
	GlobalSection(ProjectConfigurationPlatforms) = postSolution
		{80243236-7134-45D3-8087-D8D8F7B147E8}.Debug|Any CPU.ActiveCfg = Debug|Any CPU
		{80243236-7134-45D3-8087-D8D8F7B147E8}.Debug|Any CPU.Build.0 = Debug|Any CPU
		{80243236-7134-45D3-8087-D8D8F7B147E8}.Release|Any CPU.ActiveCfg = Release|Any CPU
		{80243236-7134-45D3-8087-D8D8F7B147E8}.Release|Any CPU.Build.0 = Release|Any CPU
	EndGlobalSection
	GlobalSection(SolutionProperties) = preSolution
		HideSolutionNode = FALSE
	EndGlobalSection
	GlobalSection(ExtensibilityGlobals) = postSolution
		SolutionGuid = {D1295277-2380-4DBF-A0F3-215B328513AC}
	EndGlobalSection
EndGlobal
