
Microsoft Visual Studio Solution File, Format Version 12.00
# Visual Studio Version 16
VisualStudioVersion = 16.0.29519.87
MinimumVisualStudioVersion = 10.0.40219.1
Project("{FAE04EC0-301F-11D3-BF4B-00C04F79EFBC}") = "31-Delegate", "31-Delegate\31-Delegate.csproj", "{34E0E315-9648-4C01-9001-4D22E7BB1432}"
EndProject
Global
	GlobalSection(SolutionConfigurationPlatforms) = preSolution
		Debug|Any CPU = Debug|Any CPU
		Release|Any CPU = Release|Any CPU
	EndGlobalSection
	GlobalSection(ProjectConfigurationPlatforms) = postSolution
		{34E0E315-9648-4C01-9001-4D22E7BB1432}.Debug|Any CPU.ActiveCfg = Debug|Any CPU
		{34E0E315-9648-4C01-9001-4D22E7BB1432}.Debug|Any CPU.Build.0 = Debug|Any CPU
		{34E0E315-9648-4C01-9001-4D22E7BB1432}.Release|Any CPU.ActiveCfg = Release|Any CPU
		{34E0E315-9648-4C01-9001-4D22E7BB1432}.Release|Any CPU.Build.0 = Release|Any CPU
	EndGlobalSection
	GlobalSection(SolutionProperties) = preSolution
		HideSolutionNode = FALSE
	EndGlobalSection
	GlobalSection(ExtensibilityGlobals) = postSolution
		SolutionGuid = {F1B459F0-FD81-4D6E-8D7F-E720EEF33F7D}
	EndGlobalSection
EndGlobal
