
Microsoft Visual Studio Solution File, Format Version 12.00
# Visual Studio Version 16
VisualStudioVersion = 16.0.29519.87
MinimumVisualStudioVersion = 10.0.40219.1
Project("{FAE04EC0-301F-11D3-BF4B-00C04F79EFBC}") = "10-Classe Indexata", "10-Classe Indexata\10-Classe Indexata.csproj", "{C71DD3F4-86EC-4EC3-A123-81448B426AEB}"
EndProject
Global
	GlobalSection(SolutionConfigurationPlatforms) = preSolution
		Debug|Any CPU = Debug|Any CPU
		Release|Any CPU = Release|Any CPU
	EndGlobalSection
	GlobalSection(ProjectConfigurationPlatforms) = postSolution
		{C71DD3F4-86EC-4EC3-A123-81448B426AEB}.Debug|Any CPU.ActiveCfg = Debug|Any CPU
		{C71DD3F4-86EC-4EC3-A123-81448B426AEB}.Debug|Any CPU.Build.0 = Debug|Any CPU
		{C71DD3F4-86EC-4EC3-A123-81448B426AEB}.Release|Any CPU.ActiveCfg = Release|Any CPU
		{C71DD3F4-86EC-4EC3-A123-81448B426AEB}.Release|Any CPU.Build.0 = Release|Any CPU
	EndGlobalSection
	GlobalSection(SolutionProperties) = preSolution
		HideSolutionNode = FALSE
	EndGlobalSection
	GlobalSection(ExtensibilityGlobals) = postSolution
		SolutionGuid = {E96B4708-6790-4895-9D7C-17836C81E0FB}
	EndGlobalSection
EndGlobal
