
Microsoft Visual Studio Solution File, Format Version 12.00
# Visual Studio Version 16
VisualStudioVersion = 16.0.29519.87
MinimumVisualStudioVersion = 10.0.40219.1
Project("{FAE04EC0-301F-11D3-BF4B-00C04F79EFBC}") = "23-Ereditarietà Scopa", "23-Ereditarietà Scopa\23-Ereditarietà Scopa.csproj", "{5FBFF741-4D06-4AD2-9843-6BFBD1C98D99}"
EndProject
Global
	GlobalSection(SolutionConfigurationPlatforms) = preSolution
		Debug|Any CPU = Debug|Any CPU
		Release|Any CPU = Release|Any CPU
	EndGlobalSection
	GlobalSection(ProjectConfigurationPlatforms) = postSolution
		{5FBFF741-4D06-4AD2-9843-6BFBD1C98D99}.Debug|Any CPU.ActiveCfg = Debug|Any CPU
		{5FBFF741-4D06-4AD2-9843-6BFBD1C98D99}.Debug|Any CPU.Build.0 = Debug|Any CPU
		{5FBFF741-4D06-4AD2-9843-6BFBD1C98D99}.Release|Any CPU.ActiveCfg = Release|Any CPU
		{5FBFF741-4D06-4AD2-9843-6BFBD1C98D99}.Release|Any CPU.Build.0 = Release|Any CPU
	EndGlobalSection
	GlobalSection(SolutionProperties) = preSolution
		HideSolutionNode = FALSE
	EndGlobalSection
	GlobalSection(ExtensibilityGlobals) = postSolution
		SolutionGuid = {B79A6C71-ABDF-47E4-BDE3-F108AC9B14FE}
	EndGlobalSection
EndGlobal
