
Microsoft Visual Studio Solution File, Format Version 12.00
# Visual Studio Version 16
VisualStudioVersion = 16.0.29519.87
MinimumVisualStudioVersion = 10.0.40219.1
Project("{FAE04EC0-301F-11D3-BF4B-00C04F79EFBC}") = "20-Ereditarietà es 3", "20-Ereditarietà es 3\20-Ereditarietà es 3.csproj", "{B17CE8B4-D88D-454B-A2BF-63FA7DDB7E0E}"
EndProject
Global
	GlobalSection(SolutionConfigurationPlatforms) = preSolution
		Debug|Any CPU = Debug|Any CPU
		Release|Any CPU = Release|Any CPU
	EndGlobalSection
	GlobalSection(ProjectConfigurationPlatforms) = postSolution
		{B17CE8B4-D88D-454B-A2BF-63FA7DDB7E0E}.Debug|Any CPU.ActiveCfg = Debug|Any CPU
		{B17CE8B4-D88D-454B-A2BF-63FA7DDB7E0E}.Debug|Any CPU.Build.0 = Debug|Any CPU
		{B17CE8B4-D88D-454B-A2BF-63FA7DDB7E0E}.Release|Any CPU.ActiveCfg = Release|Any CPU
		{B17CE8B4-D88D-454B-A2BF-63FA7DDB7E0E}.Release|Any CPU.Build.0 = Release|Any CPU
	EndGlobalSection
	GlobalSection(SolutionProperties) = preSolution
		HideSolutionNode = FALSE
	EndGlobalSection
	GlobalSection(ExtensibilityGlobals) = postSolution
		SolutionGuid = {DF875069-BB65-443B-BAC4-164BE1F742F5}
	EndGlobalSection
EndGlobal
