
Microsoft Visual Studio Solution File, Format Version 12.00
# Visual Studio Version 16
VisualStudioVersion = 16.0.29519.87
MinimumVisualStudioVersion = 10.0.40219.1
Project("{FAE04EC0-301F-11D3-BF4B-00C04F79EFBC}") = "11-Regex Compito", "11-Regex Compito\11-Regex Compito.csproj", "{59F4749C-2924-40E6-9EF9-3A90841D8ED6}"
EndProject
Global
	GlobalSection(SolutionConfigurationPlatforms) = preSolution
		Debug|Any CPU = Debug|Any CPU
		Release|Any CPU = Release|Any CPU
	EndGlobalSection
	GlobalSection(ProjectConfigurationPlatforms) = postSolution
		{59F4749C-2924-40E6-9EF9-3A90841D8ED6}.Debug|Any CPU.ActiveCfg = Debug|Any CPU
		{59F4749C-2924-40E6-9EF9-3A90841D8ED6}.Debug|Any CPU.Build.0 = Debug|Any CPU
		{59F4749C-2924-40E6-9EF9-3A90841D8ED6}.Release|Any CPU.ActiveCfg = Release|Any CPU
		{59F4749C-2924-40E6-9EF9-3A90841D8ED6}.Release|Any CPU.Build.0 = Release|Any CPU
	EndGlobalSection
	GlobalSection(SolutionProperties) = preSolution
		HideSolutionNode = FALSE
	EndGlobalSection
	GlobalSection(ExtensibilityGlobals) = postSolution
		SolutionGuid = {2B178487-6007-4EED-9CF7-F60DB17CF20F}
	EndGlobalSection
EndGlobal
