
Microsoft Visual Studio Solution File, Format Version 12.00
# Visual Studio Version 16
VisualStudioVersion = 16.0.29411.108
MinimumVisualStudioVersion = 10.0.40219.1
Project("{FAE04EC0-301F-11D3-BF4B-00C04F79EFBC}") = "28-Interfaces", "28-Interfaces\28-Interfaces.csproj", "{A109E717-59F7-4649-8DF9-AEF4EDD15CBE}"
EndProject
Global
	GlobalSection(SolutionConfigurationPlatforms) = preSolution
		Debug|Any CPU = Debug|Any CPU
		Release|Any CPU = Release|Any CPU
	EndGlobalSection
	GlobalSection(ProjectConfigurationPlatforms) = postSolution
		{A109E717-59F7-4649-8DF9-AEF4EDD15CBE}.Debug|Any CPU.ActiveCfg = Debug|Any CPU
		{A109E717-59F7-4649-8DF9-AEF4EDD15CBE}.Debug|Any CPU.Build.0 = Debug|Any CPU
		{A109E717-59F7-4649-8DF9-AEF4EDD15CBE}.Release|Any CPU.ActiveCfg = Release|Any CPU
		{A109E717-59F7-4649-8DF9-AEF4EDD15CBE}.Release|Any CPU.Build.0 = Release|Any CPU
	EndGlobalSection
	GlobalSection(SolutionProperties) = preSolution
		HideSolutionNode = FALSE
	EndGlobalSection
	GlobalSection(ExtensibilityGlobals) = postSolution
		SolutionGuid = {E54CC021-B256-429E-AEFE-5C3463F2CE91}
	EndGlobalSection
EndGlobal
