
Microsoft Visual Studio Solution File, Format Version 12.00
# Visual Studio Version 16
VisualStudioVersion = 16.0.29411.108
MinimumVisualStudioVersion = 10.0.40219.1
Project("{FAE04EC0-301F-11D3-BF4B-00C04F79EFBC}") = "01-Multiform", "01-Multiform\01-Multiform.csproj", "{4DA8B30E-82A2-4879-8D25-B3414F811129}"
EndProject
Global
	GlobalSection(SolutionConfigurationPlatforms) = preSolution
		Debug|Any CPU = Debug|Any CPU
		Release|Any CPU = Release|Any CPU
	EndGlobalSection
	GlobalSection(ProjectConfigurationPlatforms) = postSolution
		{4DA8B30E-82A2-4879-8D25-B3414F811129}.Debug|Any CPU.ActiveCfg = Debug|Any CPU
		{4DA8B30E-82A2-4879-8D25-B3414F811129}.Debug|Any CPU.Build.0 = Debug|Any CPU
		{4DA8B30E-82A2-4879-8D25-B3414F811129}.Release|Any CPU.ActiveCfg = Release|Any CPU
		{4DA8B30E-82A2-4879-8D25-B3414F811129}.Release|Any CPU.Build.0 = Release|Any CPU
	EndGlobalSection
	GlobalSection(SolutionProperties) = preSolution
		HideSolutionNode = FALSE
	EndGlobalSection
	GlobalSection(ExtensibilityGlobals) = postSolution
		SolutionGuid = {91AAC9E9-4E9C-4F0C-AF36-26A4DC7B4E2E}
	EndGlobalSection
EndGlobal
