
Microsoft Visual Studio Solution File, Format Version 12.00
# Visual Studio Version 16
VisualStudioVersion = 16.0.29411.108
MinimumVisualStudioVersion = 10.0.40219.1
Project("{FAE04EC0-301F-11D3-BF4B-00C04F79EFBC}") = "06_Programmazione a oggetti", "06_Programmazione a oggetti\06_Programmazione a oggetti.csproj", "{A23CFBD7-EBAD-422C-8793-4933F0A7A01A}"
EndProject
Global
	GlobalSection(SolutionConfigurationPlatforms) = preSolution
		Debug|Any CPU = Debug|Any CPU
		Release|Any CPU = Release|Any CPU
	EndGlobalSection
	GlobalSection(ProjectConfigurationPlatforms) = postSolution
		{A23CFBD7-EBAD-422C-8793-4933F0A7A01A}.Debug|Any CPU.ActiveCfg = Debug|Any CPU
		{A23CFBD7-EBAD-422C-8793-4933F0A7A01A}.Debug|Any CPU.Build.0 = Debug|Any CPU
		{A23CFBD7-EBAD-422C-8793-4933F0A7A01A}.Release|Any CPU.ActiveCfg = Release|Any CPU
		{A23CFBD7-EBAD-422C-8793-4933F0A7A01A}.Release|Any CPU.Build.0 = Release|Any CPU
	EndGlobalSection
	GlobalSection(SolutionProperties) = preSolution
		HideSolutionNode = FALSE
	EndGlobalSection
	GlobalSection(ExtensibilityGlobals) = postSolution
		SolutionGuid = {E49D827A-1B90-4E15-BEC9-0E221CE578D9}
	EndGlobalSection
EndGlobal
